
Microsoft Visual Studio Solution File, Format Version 12.00
# Visual Studio Version 17
VisualStudioVersion = 17.7.34031.279
MinimumVisualStudioVersion = 10.0.40219.1
Project("{FAE04EC0-301F-11D3-BF4B-00C04F79EFBC}") = "Dominio", "Dominio.csproj", "{B5E0451E-E3DF-43F1-85A3-F23BE79297DE}"
EndProject
Project("{FAE04EC0-301F-11D3-BF4B-00C04F79EFBC}") = "Aplicacao", "..\Aplicacao\Aplicacao.csproj", "{3056EF78-9DD0-43CF-9A7D-F20D73EA97E4}"
EndProject
Global
	GlobalSection(SolutionConfigurationPlatforms) = preSolution
		Debug|Any CPU = Debug|Any CPU
		Release|Any CPU = Release|Any CPU
	EndGlobalSection
	GlobalSection(ProjectConfigurationPlatforms) = postSolution
		{B5E0451E-E3DF-43F1-85A3-F23BE79297DE}.Debug|Any CPU.ActiveCfg = Debug|Any CPU
		{B5E0451E-E3DF-43F1-85A3-F23BE79297DE}.Debug|Any CPU.Build.0 = Debug|Any CPU
		{B5E0451E-E3DF-43F1-85A3-F23BE79297DE}.Release|Any CPU.ActiveCfg = Release|Any CPU
		{B5E0451E-E3DF-43F1-85A3-F23BE79297DE}.Release|Any CPU.Build.0 = Release|Any CPU
		{3056EF78-9DD0-43CF-9A7D-F20D73EA97E4}.Debug|Any CPU.ActiveCfg = Debug|Any CPU
		{3056EF78-9DD0-43CF-9A7D-F20D73EA97E4}.Debug|Any CPU.Build.0 = Debug|Any CPU
		{3056EF78-9DD0-43CF-9A7D-F20D73EA97E4}.Release|Any CPU.ActiveCfg = Release|Any CPU
		{3056EF78-9DD0-43CF-9A7D-F20D73EA97E4}.Release|Any CPU.Build.0 = Release|Any CPU
	EndGlobalSection
	GlobalSection(SolutionProperties) = preSolution
		HideSolutionNode = FALSE
	EndGlobalSection
	GlobalSection(ExtensibilityGlobals) = postSolution
		SolutionGuid = {C9DD86E5-4C2B-4924-8F8F-B9724F708B4F}
	EndGlobalSection
EndGlobal
